version = 1
revision = 3
requires-python = ">=3.11"

[[package]]
name = "annotated-types"
version = "0.7.0"
source = { registry = "https://pypi.org/simple" }
sdist = { url = "https://files.pythonhosted.org/packages/ee/67/531ea369ba64dcff5ec9c3402f9f51bf748cec26dde048a2f973a4eea7f5/annotated_types-0.7.0.tar.gz", hash = "sha256:aff07c09a53a08bc8cfccb9c85b05f1aa9a2a6f23728d790723543408344ce89", size = 16081, upload-time = "2024-05-20T21:33:25.928Z" }
wheels = [
    { url = "https://files.pythonhosted.org/packages/78/b6/6307fbef88d9b5ee7421e68d78a9f162e0da4900bc5f5793f6d3d0e34fb8/annotated_types-0.7.0-py3-none-any.whl", hash = "sha256:1f02e8b43a8fbbc3f3e0d4f0f4bfc8131bcb4eebe8849b8e5c773f3a1c582a53", size = 13643, upload-time = "2024-05-20T21:33:24.1Z" },
]

[[package]]
name = "anyio"
version = "4.13.0"
source = { registry = "https://pypi.org/simple" }
dependencies = [
    { name = "idna" },
    { name = "typing-extensions", marker = "python_full_version < '3.13'" },
]
sdist = { url = "https://files.pythonhosted.org/packages/b9/62/1f4a974b6638f224976750f0e8f263e527f058097b7965373a817454f7bc/anyio-4.13.0.tar.gz", hash = "sha256:1a84f3ab6f7375a0c8ab275463690d56501c51888b5608d0e365022135061614", size = 186716, upload-time = "2024-11-20T17:15:37.332Z" }
wheels = [
    { url = "https://files.pythonhosted.org/packages/93/b6/01e40a0c4f6916521950e1f379f64e2e21b79ea1e220556839352e464c24/anyio-4.13.0-py3-none-any.whl", hash = "sha256:0d53c29f6d4d1a030113f8c85773d19114755106584c30c800806ba3985f7690", size = 100779, upload-time = "2024-11-20T17:15:35.321Z" },
]

[[package]]
name = "bcrypt"
version = "4.2.1"
source = { registry = "https://pypi.org/simple" }
sdist = { url = "https://files.pythonhosted.org/packages/19/26/b9359e0a0a55221919b788f28f8045330e7cc996e8105e468087b7a69f44/bcrypt-4.2.1.tar.gz", hash = "sha256:0839c49d8c8230f68285562725595982d56a29d107a616d6ba42c174ec6f5d81", size = 40590, upload-time = "2024-11-18T18:41:26.54Z" }
wheels = [
    { url = "https://files.pythonhosted.org/packages/5b/76/f5b248a3c89d7092305d23315020921473289069d301297593c83b70e7a2/bcrypt-4.2.1-cp39-abi3-manylinux_2_28_x86_64.whl", hash = "sha256:56b3e64b859e21703e39c4908ef9186b5e1975e39626e2e5058c495c6436e26c", size = 286086, upload-time = "2024-11-18T18:41:29.691Z" },
]
